cyberpull.com/gotk v1.0.0 h1:g2ttkwO8peDR/E8Ld24R6N6+lox7ygb7JzsCdmWr87c=
cyberpull.com/gotk v1.0.0/go.mod h1:vs/HgZ5nW1aZAHLeN8dk49Ic/p1W3O0rpFPttvkYfgE=
cyberpull.com/gotk v1.1.0 h1:hwk2+vlEP2YrC7lf6hKzvJYGfLjyiHkgdgIzy1c1Q4g=
cyberpull.com/gotk v1.1.0/go.mod h1:oTSibQGJgPWicfaiXpX1Ft5linA020ZCRTGWP0bq6zo=
